
Microsoft Visual Studio Solution File, Format Version 12.00
# Visual Studio Version 16
VisualStudioVersion = 16.0.31112.23
MinimumVisualStudioVersion = 10.0.40219.1
Project("{FAE04EC0-301F-11D3-BF4B-00C04F79EFBC}") = "Composite_Iterator", "Composite_Iterator\Composite_Iterator.csproj", "{3DE953A8-466D-47D1-83F4-D8FD62C352CA}"
EndProject
Project("{9A19103F-16F7-4668-BE54-9A1E7A4F7556}") = "Factory", "..\..\..\OneDrive\Masaüstü\lazımlıklar\Patterns\Patterns\Converter\Factory.csproj", "{EFE6DAE7-8AF5-40E3-BC53-9698EA318C20}"
EndProject
Global
	GlobalSection(SolutionConfigurationPlatforms) = preSolution
		Debug|Any CPU = Debug|Any CPU
		Release|Any CPU = Release|Any CPU
	EndGlobalSection
	GlobalSection(ProjectConfigurationPlatforms) = postSolution
		{3DE953A8-466D-47D1-83F4-D8FD62C352CA}.Debug|Any CPU.ActiveCfg = Debug|Any CPU
		{3DE953A8-466D-47D1-83F4-D8FD62C352CA}.Debug|Any CPU.Build.0 = Debug|Any CPU
		{3DE953A8-466D-47D1-83F4-D8FD62C352CA}.Release|Any CPU.ActiveCfg = Release|Any CPU
		{3DE953A8-466D-47D1-83F4-D8FD62C352CA}.Release|Any CPU.Build.0 = Release|Any CPU
		{EFE6DAE7-8AF5-40E3-BC53-9698EA318C20}.Debug|Any CPU.ActiveCfg = Debug|Any CPU
		{EFE6DAE7-8AF5-40E3-BC53-9698EA318C20}.Debug|Any CPU.Build.0 = Debug|Any CPU
		{EFE6DAE7-8AF5-40E3-BC53-9698EA318C20}.Release|Any CPU.ActiveCfg = Release|Any CPU
		{EFE6DAE7-8AF5-40E3-BC53-9698EA318C20}.Release|Any CPU.Build.0 = Release|Any CPU
	EndGlobalSection
	GlobalSection(SolutionProperties) = preSolution
		HideSolutionNode = FALSE
	EndGlobalSection
	GlobalSection(ExtensibilityGlobals) = postSolution
		SolutionGuid = {B830B0AF-5ABB-456D-B3BD-8142859DF4CF}
	EndGlobalSection
EndGlobal
